
Microsoft Visual Studio Solution File, Format Version 12.00
# Visual Studio Version 17
VisualStudioVersion = 17.2.32602.215
MinimumVisualStudioVersion = 10.0.40219.1
Project("{FAE04EC0-301F-11D3-BF4B-00C04F79EFBC}") = "API", "API\API.csproj", "{822DDAB1-B9F7-4999-B81E-55DAC0FBBE3B}"
EndProject
Project("{FAE04EC0-301F-11D3-BF4B-00C04F79EFBC}") = "Service", "Business_Logic_Layer\Service.csproj", "{C66D6A12-B96B-4CD0-AFD8-D9F8C0A83E4D}"
EndProject
Project("{FAE04EC0-301F-11D3-BF4B-00C04F79EFBC}") = "Repository", "Data_Access_Layer\Repository.csproj", "{1D1C622C-704A-41A5-8438-8F8B3A86945C}"
EndProject
Global
	GlobalSection(SolutionConfigurationPlatforms) = preSolution
		Debug|Any CPU = Debug|Any CPU
		Release|Any CPU = Release|Any CPU
	EndGlobalSection
	GlobalSection(ProjectConfigurationPlatforms) = postSolution
		{822DDAB1-B9F7-4999-B81E-55DAC0FBBE3B}.Debug|Any CPU.ActiveCfg = Debug|Any CPU
		{822DDAB1-B9F7-4999-B81E-55DAC0FBBE3B}.Debug|Any CPU.Build.0 = Debug|Any CPU
		{822DDAB1-B9F7-4999-B81E-55DAC0FBBE3B}.Release|Any CPU.ActiveCfg = Release|Any CPU
		{822DDAB1-B9F7-4999-B81E-55DAC0FBBE3B}.Release|Any CPU.Build.0 = Release|Any CPU
		{C66D6A12-B96B-4CD0-AFD8-D9F8C0A83E4D}.Debug|Any CPU.ActiveCfg = Debug|Any CPU
		{C66D6A12-B96B-4CD0-AFD8-D9F8C0A83E4D}.Debug|Any CPU.Build.0 = Debug|Any CPU
		{C66D6A12-B96B-4CD0-AFD8-D9F8C0A83E4D}.Release|Any CPU.ActiveCfg = Release|Any CPU
		{C66D6A12-B96B-4CD0-AFD8-D9F8C0A83E4D}.Release|Any CPU.Build.0 = Release|Any CPU
		{1D1C622C-704A-41A5-8438-8F8B3A86945C}.Debug|Any CPU.ActiveCfg = Debug|Any CPU
		{1D1C622C-704A-41A5-8438-8F8B3A86945C}.Debug|Any CPU.Build.0 = Debug|Any CPU
		{1D1C622C-704A-41A5-8438-8F8B3A86945C}.Release|Any CPU.ActiveCfg = Release|Any CPU
		{1D1C622C-704A-41A5-8438-8F8B3A86945C}.Release|Any CPU.Build.0 = Release|Any CPU
	EndGlobalSection
	GlobalSection(SolutionProperties) = preSolution
		HideSolutionNode = FALSE
	EndGlobalSection
	GlobalSection(ExtensibilityGlobals) = postSolution
		SolutionGuid = {2EED22E3-D46D-4FF6-A31E-2B7CD10DA9EE}
	EndGlobalSection
EndGlobal
